
Microsoft Visual Studio Solution File, Format Version 12.00
# Visual Studio Version 17
VisualStudioVersion = 17.5.33516.290
MinimumVisualStudioVersion = 10.0.40219.1
Project("{FAE04EC0-301F-11D3-BF4B-00C04F79EFBC}") = "Fibonacci-Zahl", "Fibonacci-Zahl\Fibonacci-Zahl.csproj", "{B2F7F6EF-EEEE-46B9-81A5-4CA7A864EA7A}"
EndProject
Global
	GlobalSection(SolutionConfigurationPlatforms) = preSolution
		Debug|Any CPU = Debug|Any CPU
		Release|Any CPU = Release|Any CPU
	EndGlobalSection
	GlobalSection(ProjectConfigurationPlatforms) = postSolution
		{B2F7F6EF-EEEE-46B9-81A5-4CA7A864EA7A}.Debug|Any CPU.ActiveCfg = Debug|Any CPU
		{B2F7F6EF-EEEE-46B9-81A5-4CA7A864EA7A}.Debug|Any CPU.Build.0 = Debug|Any CPU
		{B2F7F6EF-EEEE-46B9-81A5-4CA7A864EA7A}.Release|Any CPU.ActiveCfg = Release|Any CPU
		{B2F7F6EF-EEEE-46B9-81A5-4CA7A864EA7A}.Release|Any CPU.Build.0 = Release|Any CPU
	EndGlobalSection
	GlobalSection(SolutionProperties) = preSolution
		HideSolutionNode = FALSE
	EndGlobalSection
	GlobalSection(ExtensibilityGlobals) = postSolution
		SolutionGuid = {1B34A64B-7717-4137-AD2F-A9BA6077D3BB}
	EndGlobalSection
EndGlobal
